
Microsoft Visual Studio Solution File, Format Version 12.00
# Visual Studio 2015
Project("{FAE04EC0-301F-11D3-BF4B-00C04F79EFBC}") = "v1.2.CSharp", "v1.2.CSharp.csproj", "{83100FC1-29C5-29C7-0368-EC723198AA1C}"
EndProject
Global
	GlobalSection(SolutionConfigurationPlatforms) = preSolution
		Debug|Any CPU = Debug|Any CPU
		Release|Any CPU = Release|Any CPU
	EndGlobalSection
	GlobalSection(ProjectConfigurationPlatforms) = postSolution
		{83100FC1-29C5-29C7-0368-EC723198AA1C}.Debug|Any CPU.ActiveCfg = Debug|Any CPU
		{83100FC1-29C5-29C7-0368-EC723198AA1C}.Debug|Any CPU.Build.0 = Debug|Any CPU
		{83100FC1-29C5-29C7-0368-EC723198AA1C}.Release|Any CPU.ActiveCfg = Release|Any CPU
		{83100FC1-29C5-29C7-0368-EC723198AA1C}.Release|Any CPU.Build.0 = Release|Any CPU
	EndGlobalSection
	GlobalSection(SolutionProperties) = preSolution
		HideSolutionNode = FALSE
	EndGlobalSection
EndGlobal
